
Microsoft Visual Studio Solution File, Format Version 12.00
# Visual Studio Version 16
VisualStudioVersion = 16.0.29519.87
MinimumVisualStudioVersion = 10.0.40219.1
Project("{FAE04EC0-301F-11D3-BF4B-00C04F79EFBC}") = "WebSocketApp", "WebSocketApp\WebSocketApp.csproj", "{DA33CE70-E0A5-4044-AA18-33BAB52EFCF9}"
EndProject
Global
	GlobalSection(SolutionConfigurationPlatforms) = preSolution
		Debug|Any CPU = Debug|Any CPU
		Release|Any CPU = Release|Any CPU
	EndGlobalSection
	GlobalSection(ProjectConfigurationPlatforms) = postSolution
		{DA33CE70-E0A5-4044-AA18-33BAB52EFCF9}.Debug|Any CPU.ActiveCfg = Debug|Any CPU
		{DA33CE70-E0A5-4044-AA18-33BAB52EFCF9}.Debug|Any CPU.Build.0 = Debug|Any CPU
		{DA33CE70-E0A5-4044-AA18-33BAB52EFCF9}.Release|Any CPU.ActiveCfg = Release|Any CPU
		{DA33CE70-E0A5-4044-AA18-33BAB52EFCF9}.Release|Any CPU.Build.0 = Release|Any CPU
	EndGlobalSection
	GlobalSection(SolutionProperties) = preSolution
		HideSolutionNode = FALSE
	EndGlobalSection
	GlobalSection(ExtensibilityGlobals) = postSolution
		SolutionGuid = {918E1D6B-FCF8-491F-B3FC-3CCB43E3BAD2}
	EndGlobalSection
EndGlobal
